
Microsoft Visual Studio Solution File, Format Version 12.00
# Visual Studio 14
VisualStudioVersion = 14.0.25420.1
MinimumVisualStudioVersion = 10.0.40219.1
Project("{FAE04EC0-301F-11D3-BF4B-00C04F79EFBC}") = "ElectronicColorCode", "ElectronicColorCode\ElectronicColorCode.csproj", "{E303F3B5-9531-4A10-B151-E1CF008544EA}"
EndProject
Project("{FAE04EC0-301F-11D3-BF4B-00C04F79EFBC}") = "ElectronicColorCode.Tests", "ElectronicColorCode.Tests\ElectronicColorCode.Tests.csproj", "{35DF3679-5813-495D-A61E-18D0B20559EC}"
EndProject
Project("{FAE04EC0-301F-11D3-BF4B-00C04F79EFBC}") = "CodeCalculator", "CodeCalculator\CodeCalculator.csproj", "{5A5DDF21-AA79-465A-8633-38AFF7BAD0BA}"
EndProject
Global
	GlobalSection(SolutionConfigurationPlatforms) = preSolution
		Debug|Any CPU = Debug|Any CPU
		Release|Any CPU = Release|Any CPU
	EndGlobalSection
	GlobalSection(ProjectConfigurationPlatforms) = postSolution
		{E303F3B5-9531-4A10-B151-E1CF008544EA}.Debug|Any CPU.ActiveCfg = Debug|Any CPU
		{E303F3B5-9531-4A10-B151-E1CF008544EA}.Debug|Any CPU.Build.0 = Debug|Any CPU
		{E303F3B5-9531-4A10-B151-E1CF008544EA}.Release|Any CPU.ActiveCfg = Release|Any CPU
		{E303F3B5-9531-4A10-B151-E1CF008544EA}.Release|Any CPU.Build.0 = Release|Any CPU
		{35DF3679-5813-495D-A61E-18D0B20559EC}.Debug|Any CPU.ActiveCfg = Debug|Any CPU
		{35DF3679-5813-495D-A61E-18D0B20559EC}.Debug|Any CPU.Build.0 = Debug|Any CPU
		{35DF3679-5813-495D-A61E-18D0B20559EC}.Release|Any CPU.ActiveCfg = Release|Any CPU
		{35DF3679-5813-495D-A61E-18D0B20559EC}.Release|Any CPU.Build.0 = Release|Any CPU
		{5A5DDF21-AA79-465A-8633-38AFF7BAD0BA}.Debug|Any CPU.ActiveCfg = Debug|Any CPU
		{5A5DDF21-AA79-465A-8633-38AFF7BAD0BA}.Debug|Any CPU.Build.0 = Debug|Any CPU
		{5A5DDF21-AA79-465A-8633-38AFF7BAD0BA}.Release|Any CPU.ActiveCfg = Release|Any CPU
		{5A5DDF21-AA79-465A-8633-38AFF7BAD0BA}.Release|Any CPU.Build.0 = Release|Any CPU
	EndGlobalSection
	GlobalSection(SolutionProperties) = preSolution
		HideSolutionNode = FALSE
	EndGlobalSection
EndGlobal
